// !$*UTF8*$!
{
	archiveVersion = 1;
	classes = {
	};
	objectVersion = 50;
	objects = {

/* Begin PBXBuildFile section */
		830AC17D2227E5BA00A02C00 /* AppDelegate.swift in Sources */ = {isa = PBXBuildFile; fileRef = 830AC17C2227E5BA00A02C00 /* AppDelegate.swift */; };
		830AC1842227E5BD00A02C00 /* Assets.xcassets in Resources */ = {isa = PBXBuildFile; fileRef = 830AC1832227E5BD00A02C00 /* Assets.xcassets */; };
		830AC1872227E5BD00A02C00 /* LaunchScreen.storyboard in Resources */ = {isa = PBXBuildFile; fileRef = 830AC1852227E5BD00A02C00 /* LaunchScreen.storyboard */; };
		830AC1922227E76700A02C00 /* BaseViewController.swift in Sources */ = {isa = PBXBuildFile; fileRef = 830AC1912227E76700A02C00 /* BaseViewController.swift */; };
		830AC1942227E7D400A02C00 /* ListsViewController.swift in Sources */ = {isa = PBXBuildFile; fileRef = 830AC1932227E7D400A02C00 /* ListsViewController.swift */; };
		830AC1972227E88800A02C00 /* ListViewModel.swift in Sources */ = {isa = PBXBuildFile; fileRef = 830AC1962227E88800A02C00 /* ListViewModel.swift */; };
		830AC19A2227E8FF00A02C00 /* ListTableViewCell.swift in Sources */ = {isa = PBXBuildFile; fileRef = 830AC1992227E8FF00A02C00 /* ListTableViewCell.swift */; };
		830AC19C2227EA2500A02C00 /* BaseTableViewCellProtocol.swift in Sources */ = {isa = PBXBuildFile; fileRef = 830AC19B2227EA2500A02C00 /* BaseTableViewCellProtocol.swift */; };
		830AC19F2227EB7F00A02C00 /* AddListViewController.swift in Sources */ = {isa = PBXBuildFile; fileRef = 830AC19E2227EB7F00A02C00 /* AddListViewController.swift */; };
		830AC1A22227ECB000A02C00 /* AppRouter.swift in Sources */ = {isa = PBXBuildFile; fileRef = 830AC1A12227ECB000A02C00 /* AppRouter.swift */; };
		833FBA3D222D0E34003DF3B9 /* BaseTextField.swift in Sources */ = {isa = PBXBuildFile; fileRef = 833FBA3C222D0E34003DF3B9 /* BaseTextField.swift */; };
		833FBA3F222D0F5E003DF3B9 /* SeparatorView.swift in Sources */ = {isa = PBXBuildFile; fileRef = 833FBA3E222D0F5E003DF3B9 /* SeparatorView.swift */; };
		83701F4C224A00A700DB0036 /* ListsService.swift in Sources */ = {isa = PBXBuildFile; fileRef = 83701F4B224A00A700DB0036 /* ListsService.swift */; };
		83701F4F224A017100DB0036 /* ListsServiceProtocol.swift in Sources */ = {isa = PBXBuildFile; fileRef = 83701F4E224A017100DB0036 /* ListsServiceProtocol.swift */; };
		83701F51224A022B00DB0036 /* ListEntity.swift in Sources */ = {isa = PBXBuildFile; fileRef = 83701F50224A022B00DB0036 /* ListEntity.swift */; };
		83701F53224A08DB00DB0036 /* UILabelExtension.swift in Sources */ = {isa = PBXBuildFile; fileRef = 83701F52224A08DB00DB0036 /* UILabelExtension.swift */; };
		83C8324622BA282400C207AC /* ToTrashTableViewCell.swift in Sources */ = {isa = PBXBuildFile; fileRef = 83C8324522BA282400C207AC /* ToTrashTableViewCell.swift */; };
		83EB1E7422BA017800A1420E /* ToTrashViewModel.swift in Sources */ = {isa = PBXBuildFile; fileRef = 83EB1E7322BA017800A1420E /* ToTrashViewModel.swift */; };
		DA6DA33BA57FCAD9F6A9AAFF /* Pods_List.framework in Frameworks */ = {isa = PBXBuildFile; fileRef = 754CEAD2A5569BF1E85F1EA1 /* Pods_List.framework */; };
/* End PBXBuildFile section */

/* Begin PBXFileReference section */
		0059214D26B5071E75AC1FAF /* Pods-List.release.xcconfig */ = {isa = PBXFileReference; includeInIndex = 1; lastKnownFileType = text.xcconfig; name = "Pods-List.release.xcconfig"; path = "Pods/Target Support Files/Pods-List/Pods-List.release.xcconfig"; sourceTree = "<group>"; };
		754CEAD2A5569BF1E85F1EA1 /* Pods_List.framework */ = {isa = PBXFileReference; explicitFileType = wrapper.framework; includeInIndex = 0; path = Pods_List.framework; sourceTree = BUILT_PRODUCTS_DIR; };
		830AC1792227E5BA00A02C00 /* List.app */ = {isa = PBXFileReference; explicitFileType = wrapper.application; includeInIndex = 0; path = List.app; sourceTree = BUILT_PRODUCTS_DIR; };
		830AC17C2227E5BA00A02C00 /* AppDelegate.swift */ = {isa = PBXFileReference; lastKnownFileType = sourcecode.swift; path = AppDelegate.swift; sourceTree = "<group>"; };
		830AC1832227E5BD00A02C00 /* Assets.xcassets */ = {isa = PBXFileReference; lastKnownFileType = folder.assetcatalog; path = Assets.xcassets; sourceTree = "<group>"; };
		830AC1862227E5BD00A02C00 /* Base */ = {isa = PBXFileReference; lastKnownFileType = file.storyboard; name = Base; path = Base.lproj/LaunchScreen.storyboard; sourceTree = "<group>"; };
		830AC1882227E5BD00A02C00 /* Info.plist */ = {isa = PBXFileReference; lastKnownFileType = text.plist.xml; path = Info.plist; sourceTree = "<group>"; };
		830AC1912227E76700A02C00 /* BaseViewController.swift */ = {isa = PBXFileReference; lastKnownFileType = sourcecode.swift; path = BaseViewController.swift; sourceTree = "<group>"; };
		830AC1932227E7D400A02C00 /* ListsViewController.swift */ = {isa = PBXFileReference; lastKnownFileType = sourcecode.swift; path = ListsViewController.swift; sourceTree = "<group>"; };
		830AC1962227E88800A02C00 /* ListViewModel.swift */ = {isa = PBXFileReference; lastKnownFileType = sourcecode.swift; path = ListViewModel.swift; sourceTree = "<group>"; };
		830AC1992227E8FF00A02C00 /* ListTableViewCell.swift */ = {isa = PBXFileReference; lastKnownFileType = sourcecode.swift; path = ListTableViewCell.swift; sourceTree = "<group>"; };
		830AC19B2227EA2500A02C00 /* BaseTableViewCellProtocol.swift */ = {isa = PBXFileReference; lastKnownFileType = sourcecode.swift; path = BaseTableViewCellProtocol.swift; sourceTree = "<group>"; };
		830AC19E2227EB7F00A02C00 /* AddListViewController.swift */ = {isa = PBXFileReference; lastKnownFileType = sourcecode.swift; path = AddListViewController.swift; sourceTree = "<group>"; };
		830AC1A12227ECB000A02C00 /* AppRouter.swift */ = {isa = PBXFileReference; lastKnownFileType = sourcecode.swift; path = AppRouter.swift; sourceTree = "<group>"; };
		833FBA3C222D0E34003DF3B9 /* BaseTextField.swift */ = {isa = PBXFileReference; lastKnownFileType = sourcecode.swift; path = BaseTextField.swift; sourceTree = "<group>"; };
		833FBA3E222D0F5E003DF3B9 /* SeparatorView.swift */ = {isa = PBXFileReference; lastKnownFileType = sourcecode.swift; path = SeparatorView.swift; sourceTree = "<group>"; };
		83701F4B224A00A700DB0036 /* ListsService.swift */ = {isa = PBXFileReference; lastKnownFileType = sourcecode.swift; path = ListsService.swift; sourceTree = "<group>"; };
		83701F4E224A017100DB0036 /* ListsServiceProtocol.swift */ = {isa = PBXFileReference; lastKnownFileType = sourcecode.swift; path = ListsServiceProtocol.swift; sourceTree = "<group>"; };
		83701F50224A022B00DB0036 /* ListEntity.swift */ = {isa = PBXFileReference; lastKnownFileType = sourcecode.swift; path = ListEntity.swift; sourceTree = "<group>"; };
		83701F52224A08DB00DB0036 /* UILabelExtension.swift */ = {isa = PBXFileReference; lastKnownFileType = sourcecode.swift; path = UILabelExtension.swift; sourceTree = "<group>"; };
		83C8324522BA282400C207AC /* ToTrashTableViewCell.swift */ = {isa = PBXFileReference; lastKnownFileType = sourcecode.swift; path = ToTrashTableViewCell.swift; sourceTree = "<group>"; };
		83EB1E7322BA017800A1420E /* ToTrashViewModel.swift */ = {isa = PBXFileReference; lastKnownFileType = sourcecode.swift; path = ToTrashViewModel.swift; sourceTree = "<group>"; };
		EDDA03DA6D14FC114AD679E6 /* Pods-List.debug.xcconfig */ = {isa = PBXFileReference; includeInIndex = 1; lastKnownFileType = text.xcconfig; name = "Pods-List.debug.xcconfig"; path = "Pods/Target Support Files/Pods-List/Pods-List.debug.xcconfig"; sourceTree = "<group>"; };
/* End PBXFileReference section */

/* Begin PBXFrameworksBuildPhase section */
		830AC1762227E5BA00A02C00 /* Frameworks */ = {
			isa = PBXFrameworksBuildPhase;
			buildActionMask = 2147483647;
			files = (
				DA6DA33BA57FCAD9F6A9AAFF /* Pods_List.framework in Frameworks */,
			);
			runOnlyForDeploymentPostprocessing = 0;
		};
/* End PBXFrameworksBuildPhase section */

/* Begin PBXGroup section */
		830AC1702227E5BA00A02C00 = {
			isa = PBXGroup;
			children = (
				830AC17B2227E5BA00A02C00 /* List */,
				830AC17A2227E5BA00A02C00 /* Products */,
				CA29ED2EE32FF490AA1BA0E5 /* Pods */,
				E2F9611C696FB708A55EA608 /* Frameworks */,
			);
			sourceTree = "<group>";
		};
		830AC17A2227E5BA00A02C00 /* Products */ = {
			isa = PBXGroup;
			children = (
				830AC1792227E5BA00A02C00 /* List.app */,
			);
			name = Products;
			sourceTree = "<group>";
		};
		830AC17B2227E5BA00A02C00 /* List */ = {
			isa = PBXGroup;
			children = (
				830AC17C2227E5BA00A02C00 /* AppDelegate.swift */,
				830AC1832227E5BD00A02C00 /* Assets.xcassets */,
				830AC1852227E5BD00A02C00 /* LaunchScreen.storyboard */,
				830AC1882227E5BD00A02C00 /* Info.plist */,
				833FBA3B222D0E0C003DF3B9 /* Extensions */,
				830AC1A02227ECA500A02C00 /* Common */,
				830AC1902227E75400A02C00 /* Base */,
				830AC18F2227E6A000A02C00 /* Controllers */,
				830AC1952227E87200A02C00 /* Models */,
				83701F4A224A009200DB0036 /* Services */,
			);
			path = List;
			sourceTree = "<group>";
		};
		830AC18F2227E6A000A02C00 /* Controllers */ = {
			isa = PBXGroup;
			children = (
				830AC19D2227EB6C00A02C00 /* AddList */,
				830AC1982227E8ED00A02C00 /* Lists */,
			);
			path = Controllers;
			sourceTree = "<group>";
		};
		830AC1902227E75400A02C00 /* Base */ = {
			isa = PBXGroup;
			children = (
				830AC1912227E76700A02C00 /* BaseViewController.swift */,
				830AC19B2227EA2500A02C00 /* BaseTableViewCellProtocol.swift */,
			);
			path = Base;
			sourceTree = "<group>";
		};
		830AC1952227E87200A02C00 /* Models */ = {
			isa = PBXGroup;
			children = (
				830AC1962227E88800A02C00 /* ListViewModel.swift */,
				83EB1E7322BA017800A1420E /* ToTrashViewModel.swift */,
			);
			path = Models;
			sourceTree = "<group>";
		};
		830AC1982227E8ED00A02C00 /* Lists */ = {
			isa = PBXGroup;
			children = (
				830AC1932227E7D400A02C00 /* ListsViewController.swift */,
				830AC1992227E8FF00A02C00 /* ListTableViewCell.swift */,
				83C8324522BA282400C207AC /* ToTrashTableViewCell.swift */,
			);
			path = Lists;
			sourceTree = "<group>";
		};
		830AC19D2227EB6C00A02C00 /* AddList */ = {
			isa = PBXGroup;
			children = (
				830AC19E2227EB7F00A02C00 /* AddListViewController.swift */,
			);
			path = AddList;
			sourceTree = "<group>";
		};
		830AC1A02227ECA500A02C00 /* Common */ = {
			isa = PBXGroup;
			children = (
				830AC1A12227ECB000A02C00 /* AppRouter.swift */,
			);
			path = Common;
			sourceTree = "<group>";
		};
		833FBA3B222D0E0C003DF3B9 /* Extensions */ = {
			isa = PBXGroup;
			children = (
				833FBA3E222D0F5E003DF3B9 /* SeparatorView.swift */,
				833FBA3C222D0E34003DF3B9 /* BaseTextField.swift */,
				83701F52224A08DB00DB0036 /* UILabelExtension.swift */,
			);
			path = Extensions;
			sourceTree = "<group>";
		};
		83701F4A224A009200DB0036 /* Services */ = {
			isa = PBXGroup;
			children = (
				83701F4D224A00FC00DB0036 /* Lists */,
			);
			path = Services;
			sourceTree = "<group>";
		};
		83701F4D224A00FC00DB0036 /* Lists */ = {
			isa = PBXGroup;
			children = (
				83701F4B224A00A700DB0036 /* ListsService.swift */,
				83701F4E224A017100DB0036 /* ListsServiceProtocol.swift */,
				83701F50224A022B00DB0036 /* ListEntity.swift */,
			);
			path = Lists;
			sourceTree = "<group>";
		};
		CA29ED2EE32FF490AA1BA0E5 /* Pods */ = {
			isa = PBXGroup;
			children = (
				EDDA03DA6D14FC114AD679E6 /* Pods-List.debug.xcconfig */,
				0059214D26B5071E75AC1FAF /* Pods-List.release.xcconfig */,
			);
			name = Pods;
			sourceTree = "<group>";
		};
		E2F9611C696FB708A55EA608 /* Frameworks */ = {
			isa = PBXGroup;
			children = (
				754CEAD2A5569BF1E85F1EA1 /* Pods_List.framework */,
			);
			name = Frameworks;
			sourceTree = "<group>";
		};
/* End PBXGroup section */

/* Begin PBXNativeTarget section */
		830AC1782227E5BA00A02C00 /* List */ = {
			isa = PBXNativeTarget;
			buildConfigurationList = 830AC18B2227E5BD00A02C00 /* Build configuration list for PBXNativeTarget "List" */;
			buildPhases = (
				67CD73624FC6A35CCBDA3142 /* [CP] Check Pods Manifest.lock */,
				830AC1752227E5BA00A02C00 /* Sources */,
				830AC1762227E5BA00A02C00 /* Frameworks */,
				830AC1772227E5BA00A02C00 /* Resources */,
				F2AF47B0759529E742251091 /* [CP] Embed Pods Frameworks */,
			);
			buildRules = (
			);
			dependencies = (
			);
			name = List;
			productName = List;
			productReference = 830AC1792227E5BA00A02C00 /* List.app */;
			productType = "com.apple.product-type.application";
		};
/* End PBXNativeTarget section */

/* Begin PBXProject section */
		830AC1712227E5BA00A02C00 /* Project object */ = {
			isa = PBXProject;
			attributes = {
				LastSwiftUpdateCheck = 1010;
				LastUpgradeCheck = 1010;
				ORGANIZATIONNAME = "Polina Abrosimova";
				TargetAttributes = {
					830AC1782227E5BA00A02C00 = {
						CreatedOnToolsVersion = 10.1;
						LastSwiftMigration = 1020;
					};
				};
			};
			buildConfigurationList = 830AC1742227E5BA00A02C00 /* Build configuration list for PBXProject "List" */;
			compatibilityVersion = "Xcode 9.3";
			developmentRegion = en;
			hasScannedForEncodings = 0;
			knownRegions = (
				en,
				Base,
			);
			mainGroup = 830AC1702227E5BA00A02C00;
			productRefGroup = 830AC17A2227E5BA00A02C00 /* Products */;
			projectDirPath = "";
			projectRoot = "";
			targets = (
				830AC1782227E5BA00A02C00 /* List */,
			);
		};
/* End PBXProject section */

/* Begin PBXResourcesBuildPhase section */
		830AC1772227E5BA00A02C00 /* Resources */ = {
			isa = PBXResourcesBuildPhase;
			buildActionMask = 2147483647;
			files = (
				830AC1872227E5BD00A02C00 /* LaunchScreen.storyboard in Resources */,
				830AC1842227E5BD00A02C00 /* Assets.xcassets in Resources */,
			);
			runOnlyForDeploymentPostprocessing = 0;
		};
/* End PBXResourcesBuildPhase section */

/* Begin PBXShellScriptBuildPhase section */
		67CD73624FC6A35CCBDA3142 /* [CP] Check Pods Manifest.lock */ = {
			isa = PBXShellScriptBuildPhase;
			buildActionMask = 2147483647;
			files = (
			);
			inputFileListPaths = (
			);
			inputPaths = (
				"${PODS_PODFILE_DIR_PATH}/Podfile.lock",
				"${PODS_ROOT}/Manifest.lock",
			);
			name = "[CP] Check Pods Manifest.lock";
			outputFileListPaths = (
			);
			outputPaths = (
				"$(DERIVED_FILE_DIR)/Pods-List-checkManifestLockResult.txt",
			);
			runOnlyForDeploymentPostprocessing = 0;
			shellPath = /bin/sh;
			shellScript = "diff \"${PODS_PODFILE_DIR_PATH}/Podfile.lock\" \"${PODS_ROOT}/Manifest.lock\" > /dev/null\nif [ $? != 0 ] ; then\n    # print error to STDERR\n    echo \"error: The sandbox is not in sync with the Podfile.lock. Run 'pod install' or update your CocoaPods installation.\" >&2\n    exit 1\nfi\n# This output is used by Xcode 'outputs' to avoid re-running this script phase.\necho \"SUCCESS\" > \"${SCRIPT_OUTPUT_FILE_0}\"\n";
			showEnvVarsInLog = 0;
		};
		F2AF47B0759529E742251091 /* [CP] Embed Pods Frameworks */ = {
			isa = PBXShellScriptBuildPhase;
			buildActionMask = 2147483647;
			files = (
			);
			inputFileListPaths = (
			);
			inputPaths = (
				"${SRCROOT}/Pods/Target Support Files/Pods-List/Pods-List-frameworks.sh",
				"${BUILT_PRODUCTS_DIR}/Realm/Realm.framework",
				"${BUILT_PRODUCTS_DIR}/RealmSwift/RealmSwift.framework",
				"${BUILT_PRODUCTS_DIR}/SnapKit/SnapKit.framework",
			);
			name = "[CP] Embed Pods Frameworks";
			outputFileListPaths = (
			);
			outputPaths = (
				"${TARGET_BUILD_DIR}/${FRAMEWORKS_FOLDER_PATH}/Realm.framework",
				"${TARGET_BUILD_DIR}/${FRAMEWORKS_FOLDER_PATH}/RealmSwift.framework",
				"${TARGET_BUILD_DIR}/${FRAMEWORKS_FOLDER_PATH}/SnapKit.framework",
			);
			runOnlyForDeploymentPostprocessing = 0;
			shellPath = /bin/sh;
			shellScript = "\"${SRCROOT}/Pods/Target Support Files/Pods-List/Pods-List-frameworks.sh\"\n";
			showEnvVarsInLog = 0;
		};
/* End PBXShellScriptBuildPhase section */

/* Begin PBXSourcesBuildPhase section */
		830AC1752227E5BA00A02C00 /* Sources */ = {
			isa = PBXSourcesBuildPhase;
			buildActionMask = 2147483647;
			files = (
				830AC19C2227EA2500A02C00 /* BaseTableViewCellProtocol.swift in Sources */,
				83701F51224A022B00DB0036 /* ListEntity.swift in Sources */,
				83EB1E7422BA017800A1420E /* ToTrashViewModel.swift in Sources */,
				830AC17D2227E5BA00A02C00 /* AppDelegate.swift in Sources */,
				83701F53224A08DB00DB0036 /* UILabelExtension.swift in Sources */,
				833FBA3F222D0F5E003DF3B9 /* SeparatorView.swift in Sources */,
				830AC19F2227EB7F00A02C00 /* AddListViewController.swift in Sources */,
				833FBA3D222D0E34003DF3B9 /* BaseTextField.swift in Sources */,
				830AC1942227E7D400A02C00 /* ListsViewController.swift in Sources */,
				83701F4C224A00A700DB0036 /* ListsService.swift in Sources */,
				83701F4F224A017100DB0036 /* ListsServiceProtocol.swift in Sources */,
				830AC1A22227ECB000A02C00 /* AppRouter.swift in Sources */,
				830AC1972227E88800A02C00 /* ListViewModel.swift in Sources */,
				83C8324622BA282400C207AC /* ToTrashTableViewCell.swift in Sources */,
				830AC1922227E76700A02C00 /* BaseViewController.swift in Sources */,
				830AC19A2227E8FF00A02C00 /* ListTableViewCell.swift in Sources */,
			);
			runOnlyForDeploymentPostprocessing = 0;
		};
/* End PBXSourcesBuildPhase section */

/* Begin PBXVariantGroup section */
		830AC1852227E5BD00A02C00 /* LaunchScreen.storyboard */ = {
			isa = PBXVariantGroup;
			children = (
				830AC1862227E5BD00A02C00 /* Base */,
			);
			name = LaunchScreen.storyboard;
			sourceTree = "<group>";
		};
/* End PBXVariantGroup section */

/* Begin XCBuildConfiguration section */
		830AC1892227E5BD00A02C00 /* Debug */ = {
			isa = XCBuildConfiguration;
			buildSettings = {
				ALWAYS_SEARCH_USER_PATHS = NO;
				CLANG_ANALYZER_NONNULL = YES;
				CLANG_ANALYZER_NUMBER_OBJECT_CONVERSION = YES_AGGRESSIVE;
				CLANG_CXX_LANGUAGE_STANDARD = "gnu++14";
				CLANG_CXX_LIBRARY = "libc++";
				CLANG_ENABLE_MODULES = YES;
				CLANG_ENABLE_OBJC_ARC = YES;
				CLANG_ENABLE_OBJC_WEAK = YES;
				CLANG_WARN_BLOCK_CAPTURE_AUTORELEASING = YES;
				CLANG_WARN_BOOL_CONVERSION = YES;
				CLANG_WARN_COMMA = YES;
				CLANG_WARN_CONSTANT_CONVERSION = YES;
				CLANG_WARN_DEPRECATED_OBJC_IMPLEMENTATIONS = YES;
				CLANG_WARN_DIRECT_OBJC_ISA_USAGE = YES_ERROR;
				CLANG_WARN_DOCUMENTATION_COMMENTS = YES;
				CLANG_WARN_EMPTY_BODY = YES;
				CLANG_WARN_ENUM_CONVERSION = YES;
				CLANG_WARN_INFINITE_RECURSION = YES;
				CLANG_WARN_INT_CONVERSION = YES;
				CLANG_WARN_NON_LITERAL_NULL_CONVERSION = YES;
				CLANG_WARN_OBJC_IMPLICIT_RETAIN_SELF = YES;
				CLANG_WARN_OBJC_LITERAL_CONVERSION = YES;
				CLANG_WARN_OBJC_ROOT_CLASS = YES_ERROR;
				CLANG_WARN_RANGE_LOOP_ANALYSIS = YES;
				CLANG_WARN_STRICT_PROTOTYPES = YES;
				CLANG_WARN_SUSPICIOUS_MOVE = YES;
				CLANG_WARN_UNGUARDED_AVAILABILITY = YES_AGGRESSIVE;
				CLANG_WARN_UNREACHABLE_CODE = YES;
				CLANG_WARN__DUPLICATE_METHOD_MATCH = YES;
				CODE_SIGN_IDENTITY = "iPhone Developer";
				COPY_PHASE_STRIP = NO;
				DEBUG_INFORMATION_FORMAT = dwarf;
				ENABLE_STRICT_OBJC_MSGSEND = YES;
				ENABLE_TESTABILITY = YES;
				GCC_C_LANGUAGE_STANDARD = gnu11;
				GCC_DYNAMIC_NO_PIC = NO;
				GCC_NO_COMMON_BLOCKS = YES;
				GCC_OPTIMIZATION_LEVEL = 0;
				GCC_PREPROCESSOR_DEFINITIONS = (
					"DEBUG=1",
					"$(inherited)",
				);
				GCC_WARN_64_TO_32_BIT_CONVERSION = YES;
				GCC_WARN_ABOUT_RETURN_TYPE = YES_ERROR;
				GCC_WARN_UNDECLARED_SELECTOR = YES;
				GCC_WARN_UNINITIALIZED_AUTOS = YES_AGGRESSIVE;
				GCC_WARN_UNUSED_FUNCTION = YES;
				GCC_WARN_UNUSED_VARIABLE = YES;
				IPHONEOS_DEPLOYMENT_TARGET = 12.1;
				MTL_ENABLE_DEBUG_INFO = INCLUDE_SOURCE;
				MTL_FAST_MATH = YES;
				ONLY_ACTIVE_ARCH = YES;
				SDKROOT = iphoneos;
				SWIFT_ACTIVE_COMPILATION_CONDITIONS = DEBUG;
				SWIFT_OPTIMIZATION_LEVEL = "-Onone";
			};
			name = Debug;
		};
		830AC18A2227E5BD00A02C00 /* Release */ = {
			isa = XCBuildConfiguration;
			buildSettings = {
				ALWAYS_SEARCH_USER_PATHS = NO;
				CLANG_ANALYZER_NONNULL = YES;
				CLANG_ANALYZER_NUMBER_OBJECT_CONVERSION = YES_AGGRESSIVE;
				CLANG_CXX_LANGUAGE_STANDARD = "gnu++14";
				CLANG_CXX_LIBRARY = "libc++";
				CLANG_ENABLE_MODULES = YES;
				CLANG_ENABLE_OBJC_ARC = YES;
				CLANG_ENABLE_OBJC_WEAK = YES;
				CLANG_WARN_BLOCK_CAPTURE_AUTORELEASING = YES;
				CLANG_WARN_BOOL_CONVERSION = YES;
				CLANG_WARN_COMMA = YES;
				CLANG_WARN_CONSTANT_CONVERSION = YES;
				CLANG_WARN_DEPRECATED_OBJC_IMPLEMENTATIONS = YES;
				CLANG_WARN_DIRECT_OBJC_ISA_USAGE = YES_ERROR;
				CLANG_WARN_DOCUMENTATION_COMMENTS = YES;
				CLANG_WARN_EMPTY_BODY = YES;
				CLANG_WARN_ENUM_CONVERSION = YES;
				CLANG_WARN_INFINITE_RECURSION = YES;
				CLANG_WARN_INT_CONVERSION = YES;
				CLANG_WARN_NON_LITERAL_NULL_CONVERSION = YES;
				CLANG_WARN_OBJC_IMPLICIT_RETAIN_SELF = YES;
				CLANG_WARN_OBJC_LITERAL_CONVERSION = YES;
				CLANG_WARN_OBJC_ROOT_CLASS = YES_ERROR;
				CLANG_WARN_RANGE_LOOP_ANALYSIS = YES;
				CLANG_WARN_STRICT_PROTOTYPES = YES;
				CLANG_WARN_SUSPICIOUS_MOVE = YES;
				CLANG_WARN_UNGUARDED_AVAILABILITY = YES_AGGRESSIVE;
				CLANG_WARN_UNREACHABLE_CODE = YES;
				CLANG_WARN__DUPLICATE_METHOD_MATCH = YES;
				CODE_SIGN_IDENTITY = "iPhone Developer";
				COPY_PHASE_STRIP = NO;
				DEBUG_INFORMATION_FORMAT = "dwarf-with-dsym";
				ENABLE_NS_ASSERTIONS = NO;
				ENABLE_STRICT_OBJC_MSGSEND = YES;
				GCC_C_LANGUAGE_STANDARD = gnu11;
				GCC_NO_COMMON_BLOCKS = YES;
				GCC_WARN_64_TO_32_BIT_CONVERSION = YES;
				GCC_WARN_ABOUT_RETURN_TYPE = YES_ERROR;
				GCC_WARN_UNDECLARED_SELECTOR = YES;
				GCC_WARN_UNINITIALIZED_AUTOS = YES_AGGRESSIVE;
				GCC_WARN_UNUSED_FUNCTION = YES;
				GCC_WARN_UNUSED_VARIABLE = YES;
				IPHONEOS_DEPLOYMENT_TARGET = 12.1;
				MTL_ENABLE_DEBUG_INFO = NO;
				MTL_FAST_MATH = YES;
				SDKROOT = iphoneos;
				SWIFT_COMPILATION_MODE = wholemodule;
				SWIFT_OPTIMIZATION_LEVEL = "-O";
				VALIDATE_PRODUCT = YES;
			};
			name = Release;
		};
		830AC18C2227E5BD00A02C00 /* Debug */ = {
			isa = XCBuildConfiguration;
			baseConfigurationReference = EDDA03DA6D14FC114AD679E6 /* Pods-List.debug.xcconfig */;
			buildSettings = {
				ASSETCATALOG_COMPILER_APPICON_NAME = AppIcon;
				CODE_SIGN_STYLE = Automatic;
				DEVELOPMENT_TEAM = 9K4APQTACP;
				INFOPLIST_FILE = List/Info.plist;
				LD_RUNPATH_SEARCH_PATHS = (
					"$(inherited)",
					"@executable_path/Frameworks",
				);
				PRODUCT_BUNDLE_IDENTIFIER = com.Pabr.List;
				PRODUCT_NAME = "$(TARGET_NAME)";
				SWIFT_VERSION = 5.0;
				TARGETED_DEVICE_FAMILY = "1,2";
			};
			name = Debug;
		};
		830AC18D2227E5BD00A02C00 /* Release */ = {
			isa = XCBuildConfiguration;
			baseConfigurationReference = 0059214D26B5071E75AC1FAF /* Pods-List.release.xcconfig */;
			buildSettings = {
				ASSETCATALOG_COMPILER_APPICON_NAME = AppIcon;
				CODE_SIGN_STYLE = Automatic;
				DEVELOPMENT_TEAM = 9K4APQTACP;
				INFOPLIST_FILE = List/Info.plist;
				LD_RUNPATH_SEARCH_PATHS = (
					"$(inherited)",
					"@executable_path/Frameworks",
				);
				PRODUCT_BUNDLE_IDENTIFIER = com.Pabr.List;
				PRODUCT_NAME = "$(TARGET_NAME)";
				SWIFT_VERSION = 5.0;
				TARGETED_DEVICE_FAMILY = "1,2";
			};
			name = Release;
		};
/* End XCBuildConfiguration section */

/* Begin XCConfigurationList section */
		830AC1742227E5BA00A02C00 /* Build configuration list for PBXProject "List" */ = {
			isa = XCConfigurationList;
			buildConfigurations = (
				830AC1892227E5BD00A02C00 /* Debug */,
				830AC18A2227E5BD00A02C00 /* Release */,
			);
			defaultConfigurationIsVisible = 0;
			defaultConfigurationName = Release;
		};
		830AC18B2227E5BD00A02C00 /* Build configuration list for PBXNativeTarget "List" */ = {
			isa = XCConfigurationList;
			buildConfigurations = (
				830AC18C2227E5BD00A02C00 /* Debug */,
				830AC18D2227E5BD00A02C00 /* Release */,
			);
			defaultConfigurationIsVisible = 0;
			defaultConfigurationName = Release;
		};
/* End XCConfigurationList section */
	};
	rootObject = 830AC1712227E5BA00A02C00 /* Project object */;
}
